
Microsoft Visual Studio Solution File, Format Version 12.00
# Visual Studio Version 17
VisualStudioVersion = 17.2.32616.157
MinimumVisualStudioVersion = 10.0.40219.1
Project("{9A19103F-16F7-4668-BE54-9A1E7A4F7556}") = "Dirigent.Common", "Dirigent.Common\Dirigent.Common.csproj", "{9F743813-4084-4D79-A35B-97E310C71B93}"
EndProject
Project("{9A19103F-16F7-4668-BE54-9A1E7A4F7556}") = "Dirigent.Agent.Console", "Dirigent.Agent.Console\Dirigent.Agent.Console.csproj", "{6E19D033-5A97-4F2F-82E9-661275CC4F40}"
EndProject
Project("{9A19103F-16F7-4668-BE54-9A1E7A4F7556}") = "Dirigent.Agent.WinForms", "Dirigent.Agent.WinForms\Dirigent.Agent.WinForms.csproj", "{A57B0569-EF7C-4202-A0F0-0F5895D64869}"
EndProject
Project("{9A19103F-16F7-4668-BE54-9A1E7A4F7556}") = "Dirigent.CLI.Core", "Dirigent.CLI.Core\Dirigent.CLI.Core.csproj", "{A69B681B-C713-4CD8-B3F9-61B3EC476272}"
EndProject
Project("{9A19103F-16F7-4668-BE54-9A1E7A4F7556}") = "Dirigent.Gui.ImGui", "Dirigent.Gui.ImGui\Dirigent.Gui.ImGui.csproj", "{5152FDDD-CD2A-4279-99C3-F6FAA2542B58}"
EndProject
Project("{9A19103F-16F7-4668-BE54-9A1E7A4F7556}") = "Dirigent.Agent.Core", "Dirigent.Agent.Core\Dirigent.Agent.Core.csproj", "{328D1417-3CB2-4636-A3CC-16B398A6DC34}"
EndProject
Project("{9A19103F-16F7-4668-BE54-9A1E7A4F7556}") = "Dirigent.CLI", "Dirigent.CLI\Dirigent.CLI.csproj", "{6AA6E0AE-DCB0-495B-9157-75983D7A3025}"
EndProject
Project("{2150E333-8FDC-42A3-9474-1A3956D46DE8}") = "Solution Items", "Solution Items", "{D496E96A-80C4-4FDF-87DD-3F0EF4D17CD1}"
	ProjectSection(SolutionItems) = preProject
		.editorconfig = .editorconfig
	EndProjectSection
EndProject
Project("{FAE04EC0-301F-11D3-BF4B-00C04F79EFBC}") = "Dirigent.CommonTests", "Dirigent.CommonTests\Dirigent.CommonTests.csproj", "{C25F94B0-2480-43BD-ACAF-0DB222C9EC43}"
EndProject
Project("{FAE04EC0-301F-11D3-BF4B-00C04F79EFBC}") = "Dirigent.Agent.Starter", "Dirigent.Agent.Starter\Dirigent.Agent.Starter.csproj", "{87ABE5EB-4A26-4879-9301-0404088AE681}"
EndProject
Project("{FAE04EC0-301F-11D3-BF4B-00C04F79EFBC}") = "Dirigent.TestApp", "Dirigent.TestApp\Dirigent.TestApp.csproj", "{8CBF4151-6570-4106-BBBC-9D60EF95E994}"
EndProject
Project("{FAE04EC0-301F-11D3-BF4B-00C04F79EFBC}") = "Dirigent.TestBed", "Dirigent.TestBed\Dirigent.TestBed.csproj", "{3A700806-C0AA-48D6-B433-D98390E356D2}"
EndProject
Project("{FAE04EC0-301F-11D3-BF4B-00C04F79EFBC}") = "Dirigent.IntegrationTests", "Dirigent.IntegrationTests\Dirigent.IntegrationTests.csproj", "{647C57D5-D1D5-4A92-AE09-F65F18C60D79}"
EndProject
Project("{FAE04EC0-301F-11D3-BF4B-00C04F79EFBC}") = "Dirigent.TestBed.Gen", "Dirigent.TestBed.Gen\Dirigent.TestBed.Gen.csproj", "{4990F6CB-4072-44E8-950B-8DAE46178D96}"
EndProject
Global
	GlobalSection(SolutionConfigurationPlatforms) = preSolution
		Debug|Any CPU = Debug|Any CPU
		Debug|x64 = Debug|x64
		Debug|x86 = Debug|x86
		Release|Any CPU = Release|Any CPU
		Release|x64 = Release|x64
		Release|x86 = Release|x86
	EndGlobalSection
	GlobalSection(ProjectConfigurationPlatforms) = postSolution
		{9F743813-4084-4D79-A35B-97E310C71B93}.Debug|Any CPU.ActiveCfg = Debug|Any CPU
		{9F743813-4084-4D79-A35B-97E310C71B93}.Debug|Any CPU.Build.0 = Debug|Any CPU
		{9F743813-4084-4D79-A35B-97E310C71B93}.Debug|x64.ActiveCfg = Debug|Any CPU
		{9F743813-4084-4D79-A35B-97E310C71B93}.Debug|x64.Build.0 = Debug|Any CPU
		{9F743813-4084-4D79-A35B-97E310C71B93}.Debug|x86.ActiveCfg = Debug|Any CPU
		{9F743813-4084-4D79-A35B-97E310C71B93}.Debug|x86.Build.0 = Debug|Any CPU
		{9F743813-4084-4D79-A35B-97E310C71B93}.Release|Any CPU.ActiveCfg = Release|Any CPU
		{9F743813-4084-4D79-A35B-97E310C71B93}.Release|Any CPU.Build.0 = Release|Any CPU
		{9F743813-4084-4D79-A35B-97E310C71B93}.Release|x64.ActiveCfg = Release|Any CPU
		{9F743813-4084-4D79-A35B-97E310C71B93}.Release|x64.Build.0 = Release|Any CPU
		{9F743813-4084-4D79-A35B-97E310C71B93}.Release|x86.ActiveCfg = Release|Any CPU
		{9F743813-4084-4D79-A35B-97E310C71B93}.Release|x86.Build.0 = Release|Any CPU
		{6E19D033-5A97-4F2F-82E9-661275CC4F40}.Debug|Any CPU.ActiveCfg = Debug|Any CPU
		{6E19D033-5A97-4F2F-82E9-661275CC4F40}.Debug|Any CPU.Build.0 = Debug|Any CPU
		{6E19D033-5A97-4F2F-82E9-661275CC4F40}.Debug|x64.ActiveCfg = Debug|Any CPU
		{6E19D033-5A97-4F2F-82E9-661275CC4F40}.Debug|x64.Build.0 = Debug|Any CPU
		{6E19D033-5A97-4F2F-82E9-661275CC4F40}.Debug|x86.ActiveCfg = Debug|Any CPU
		{6E19D033-5A97-4F2F-82E9-661275CC4F40}.Debug|x86.Build.0 = Debug|Any CPU
		{6E19D033-5A97-4F2F-82E9-661275CC4F40}.Release|Any CPU.ActiveCfg = Release|Any CPU
		{6E19D033-5A97-4F2F-82E9-661275CC4F40}.Release|Any CPU.Build.0 = Release|Any CPU
		{6E19D033-5A97-4F2F-82E9-661275CC4F40}.Release|x64.ActiveCfg = Release|Any CPU
		{6E19D033-5A97-4F2F-82E9-661275CC4F40}.Release|x64.Build.0 = Release|Any CPU
		{6E19D033-5A97-4F2F-82E9-661275CC4F40}.Release|x86.ActiveCfg = Release|Any CPU
		{6E19D033-5A97-4F2F-82E9-661275CC4F40}.Release|x86.Build.0 = Release|Any CPU
		{A57B0569-EF7C-4202-A0F0-0F5895D64869}.Debug|Any CPU.ActiveCfg = Debug|Any CPU
		{A57B0569-EF7C-4202-A0F0-0F5895D64869}.Debug|Any CPU.Build.0 = Debug|Any CPU
		{A57B0569-EF7C-4202-A0F0-0F5895D64869}.Debug|x64.ActiveCfg = Debug|Any CPU
		{A57B0569-EF7C-4202-A0F0-0F5895D64869}.Debug|x64.Build.0 = Debug|Any CPU
		{A57B0569-EF7C-4202-A0F0-0F5895D64869}.Debug|x86.ActiveCfg = Debug|Any CPU
		{A57B0569-EF7C-4202-A0F0-0F5895D64869}.Debug|x86.Build.0 = Debug|Any CPU
		{A57B0569-EF7C-4202-A0F0-0F5895D64869}.Release|Any CPU.ActiveCfg = Release|Any CPU
		{A57B0569-EF7C-4202-A0F0-0F5895D64869}.Release|Any CPU.Build.0 = Release|Any CPU
		{A57B0569-EF7C-4202-A0F0-0F5895D64869}.Release|x64.ActiveCfg = Release|Any CPU
		{A57B0569-EF7C-4202-A0F0-0F5895D64869}.Release|x64.Build.0 = Release|Any CPU
		{A57B0569-EF7C-4202-A0F0-0F5895D64869}.Release|x86.ActiveCfg = Release|Any CPU
		{A57B0569-EF7C-4202-A0F0-0F5895D64869}.Release|x86.Build.0 = Release|Any CPU
		{A69B681B-C713-4CD8-B3F9-61B3EC476272}.Debug|Any CPU.ActiveCfg = Debug|Any CPU
		{A69B681B-C713-4CD8-B3F9-61B3EC476272}.Debug|Any CPU.Build.0 = Debug|Any CPU
		{A69B681B-C713-4CD8-B3F9-61B3EC476272}.Debug|x64.ActiveCfg = Debug|Any CPU
		{A69B681B-C713-4CD8-B3F9-61B3EC476272}.Debug|x64.Build.0 = Debug|Any CPU
		{A69B681B-C713-4CD8-B3F9-61B3EC476272}.Debug|x86.ActiveCfg = Debug|Any CPU
		{A69B681B-C713-4CD8-B3F9-61B3EC476272}.Debug|x86.Build.0 = Debug|Any CPU
		{A69B681B-C713-4CD8-B3F9-61B3EC476272}.Release|Any CPU.ActiveCfg = Release|Any CPU
		{A69B681B-C713-4CD8-B3F9-61B3EC476272}.Release|Any CPU.Build.0 = Release|Any CPU
		{A69B681B-C713-4CD8-B3F9-61B3EC476272}.Release|x64.ActiveCfg = Release|Any CPU
		{A69B681B-C713-4CD8-B3F9-61B3EC476272}.Release|x64.Build.0 = Release|Any CPU
		{A69B681B-C713-4CD8-B3F9-61B3EC476272}.Release|x86.ActiveCfg = Release|Any CPU
		{A69B681B-C713-4CD8-B3F9-61B3EC476272}.Release|x86.Build.0 = Release|Any CPU
		{5152FDDD-CD2A-4279-99C3-F6FAA2542B58}.Debug|Any CPU.ActiveCfg = Debug|Any CPU
		{5152FDDD-CD2A-4279-99C3-F6FAA2542B58}.Debug|Any CPU.Build.0 = Debug|Any CPU
		{5152FDDD-CD2A-4279-99C3-F6FAA2542B58}.Debug|x64.ActiveCfg = Debug|Any CPU
		{5152FDDD-CD2A-4279-99C3-F6FAA2542B58}.Debug|x64.Build.0 = Debug|Any CPU
		{5152FDDD-CD2A-4279-99C3-F6FAA2542B58}.Debug|x86.ActiveCfg = Debug|Any CPU
		{5152FDDD-CD2A-4279-99C3-F6FAA2542B58}.Debug|x86.Build.0 = Debug|Any CPU
		{5152FDDD-CD2A-4279-99C3-F6FAA2542B58}.Release|Any CPU.ActiveCfg = Release|Any CPU
		{5152FDDD-CD2A-4279-99C3-F6FAA2542B58}.Release|Any CPU.Build.0 = Release|Any CPU
		{5152FDDD-CD2A-4279-99C3-F6FAA2542B58}.Release|x64.ActiveCfg = Release|Any CPU
		{5152FDDD-CD2A-4279-99C3-F6FAA2542B58}.Release|x64.Build.0 = Release|Any CPU
		{5152FDDD-CD2A-4279-99C3-F6FAA2542B58}.Release|x86.ActiveCfg = Release|Any CPU
		{5152FDDD-CD2A-4279-99C3-F6FAA2542B58}.Release|x86.Build.0 = Release|Any CPU
		{328D1417-3CB2-4636-A3CC-16B398A6DC34}.Debug|Any CPU.ActiveCfg = Debug|Any CPU
		{328D1417-3CB2-4636-A3CC-16B398A6DC34}.Debug|Any CPU.Build.0 = Debug|Any CPU
		{328D1417-3CB2-4636-A3CC-16B398A6DC34}.Debug|x64.ActiveCfg = Debug|Any CPU
		{328D1417-3CB2-4636-A3CC-16B398A6DC34}.Debug|x64.Build.0 = Debug|Any CPU
		{328D1417-3CB2-4636-A3CC-16B398A6DC34}.Debug|x86.ActiveCfg = Debug|Any CPU
		{328D1417-3CB2-4636-A3CC-16B398A6DC34}.Debug|x86.Build.0 = Debug|Any CPU
		{328D1417-3CB2-4636-A3CC-16B398A6DC34}.Release|Any CPU.ActiveCfg = Release|Any CPU
		{328D1417-3CB2-4636-A3CC-16B398A6DC34}.Release|Any CPU.Build.0 = Release|Any CPU
		{328D1417-3CB2-4636-A3CC-16B398A6DC34}.Release|x64.ActiveCfg = Release|Any CPU
		{328D1417-3CB2-4636-A3CC-16B398A6DC34}.Release|x64.Build.0 = Release|Any CPU
		{328D1417-3CB2-4636-A3CC-16B398A6DC34}.Release|x86.ActiveCfg = Release|Any CPU
		{328D1417-3CB2-4636-A3CC-16B398A6DC34}.Release|x86.Build.0 = Release|Any CPU
		{6AA6E0AE-DCB0-495B-9157-75983D7A3025}.Debug|Any CPU.ActiveCfg = Debug|Any CPU
		{6AA6E0AE-DCB0-495B-9157-75983D7A3025}.Debug|Any CPU.Build.0 = Debug|Any CPU
		{6AA6E0AE-DCB0-495B-9157-75983D7A3025}.Debug|x64.ActiveCfg = Debug|Any CPU
		{6AA6E0AE-DCB0-495B-9157-75983D7A3025}.Debug|x64.Build.0 = Debug|Any CPU
		{6AA6E0AE-DCB0-495B-9157-75983D7A3025}.Debug|x86.ActiveCfg = Debug|Any CPU
		{6AA6E0AE-DCB0-495B-9157-75983D7A3025}.Debug|x86.Build.0 = Debug|Any CPU
		{6AA6E0AE-DCB0-495B-9157-75983D7A3025}.Release|Any CPU.ActiveCfg = Release|Any CPU
		{6AA6E0AE-DCB0-495B-9157-75983D7A3025}.Release|Any CPU.Build.0 = Release|Any CPU
		{6AA6E0AE-DCB0-495B-9157-75983D7A3025}.Release|x64.ActiveCfg = Release|Any CPU
		{6AA6E0AE-DCB0-495B-9157-75983D7A3025}.Release|x64.Build.0 = Release|Any CPU
		{6AA6E0AE-DCB0-495B-9157-75983D7A3025}.Release|x86.ActiveCfg = Release|Any CPU
		{6AA6E0AE-DCB0-495B-9157-75983D7A3025}.Release|x86.Build.0 = Release|Any CPU
		{C25F94B0-2480-43BD-ACAF-0DB222C9EC43}.Debug|Any CPU.ActiveCfg = Debug|Any CPU
		{C25F94B0-2480-43BD-ACAF-0DB222C9EC43}.Debug|Any CPU.Build.0 = Debug|Any CPU
		{C25F94B0-2480-43BD-ACAF-0DB222C9EC43}.Debug|x64.ActiveCfg = Debug|Any CPU
		{C25F94B0-2480-43BD-ACAF-0DB222C9EC43}.Debug|x64.Build.0 = Debug|Any CPU
		{C25F94B0-2480-43BD-ACAF-0DB222C9EC43}.Debug|x86.ActiveCfg = Debug|Any CPU
		{C25F94B0-2480-43BD-ACAF-0DB222C9EC43}.Debug|x86.Build.0 = Debug|Any CPU
		{C25F94B0-2480-43BD-ACAF-0DB222C9EC43}.Release|Any CPU.ActiveCfg = Release|Any CPU
		{C25F94B0-2480-43BD-ACAF-0DB222C9EC43}.Release|Any CPU.Build.0 = Release|Any CPU
		{C25F94B0-2480-43BD-ACAF-0DB222C9EC43}.Release|x64.ActiveCfg = Release|Any CPU
		{C25F94B0-2480-43BD-ACAF-0DB222C9EC43}.Release|x64.Build.0 = Release|Any CPU
		{C25F94B0-2480-43BD-ACAF-0DB222C9EC43}.Release|x86.ActiveCfg = Release|Any CPU
		{C25F94B0-2480-43BD-ACAF-0DB222C9EC43}.Release|x86.Build.0 = Release|Any CPU
		{87ABE5EB-4A26-4879-9301-0404088AE681}.Debug|Any CPU.ActiveCfg = Debug|Any CPU
		{87ABE5EB-4A26-4879-9301-0404088AE681}.Debug|Any CPU.Build.0 = Debug|Any CPU
		{87ABE5EB-4A26-4879-9301-0404088AE681}.Debug|x64.ActiveCfg = Debug|Any CPU
		{87ABE5EB-4A26-4879-9301-0404088AE681}.Debug|x64.Build.0 = Debug|Any CPU
		{87ABE5EB-4A26-4879-9301-0404088AE681}.Debug|x86.ActiveCfg = Debug|Any CPU
		{87ABE5EB-4A26-4879-9301-0404088AE681}.Debug|x86.Build.0 = Debug|Any CPU
		{87ABE5EB-4A26-4879-9301-0404088AE681}.Release|Any CPU.ActiveCfg = Release|Any CPU
		{87ABE5EB-4A26-4879-9301-0404088AE681}.Release|Any CPU.Build.0 = Release|Any CPU
		{87ABE5EB-4A26-4879-9301-0404088AE681}.Release|x64.ActiveCfg = Release|Any CPU
		{87ABE5EB-4A26-4879-9301-0404088AE681}.Release|x64.Build.0 = Release|Any CPU
		{87ABE5EB-4A26-4879-9301-0404088AE681}.Release|x86.ActiveCfg = Release|Any CPU
		{87ABE5EB-4A26-4879-9301-0404088AE681}.Release|x86.Build.0 = Release|Any CPU
		{8CBF4151-6570-4106-BBBC-9D60EF95E994}.Debug|Any CPU.ActiveCfg = Debug|Any CPU
		{8CBF4151-6570-4106-BBBC-9D60EF95E994}.Debug|Any CPU.Build.0 = Debug|Any CPU
		{8CBF4151-6570-4106-BBBC-9D60EF95E994}.Debug|x64.ActiveCfg = Debug|Any CPU
		{8CBF4151-6570-4106-BBBC-9D60EF95E994}.Debug|x64.Build.0 = Debug|Any CPU
		{8CBF4151-6570-4106-BBBC-9D60EF95E994}.Debug|x86.ActiveCfg = Debug|Any CPU
		{8CBF4151-6570-4106-BBBC-9D60EF95E994}.Debug|x86.Build.0 = Debug|Any CPU
		{8CBF4151-6570-4106-BBBC-9D60EF95E994}.Release|Any CPU.ActiveCfg = Release|Any CPU
		{8CBF4151-6570-4106-BBBC-9D60EF95E994}.Release|Any CPU.Build.0 = Release|Any CPU
		{8CBF4151-6570-4106-BBBC-9D60EF95E994}.Release|x64.ActiveCfg = Release|Any CPU
		{8CBF4151-6570-4106-BBBC-9D60EF95E994}.Release|x64.Build.0 = Release|Any CPU
		{8CBF4151-6570-4106-BBBC-9D60EF95E994}.Release|x86.ActiveCfg = Release|Any CPU
		{8CBF4151-6570-4106-BBBC-9D60EF95E994}.Release|x86.Build.0 = Release|Any CPU
		{3A700806-C0AA-48D6-B433-D98390E356D2}.Debug|Any CPU.ActiveCfg = Debug|Any CPU
		{3A700806-C0AA-48D6-B433-D98390E356D2}.Debug|Any CPU.Build.0 = Debug|Any CPU
		{3A700806-C0AA-48D6-B433-D98390E356D2}.Debug|x64.ActiveCfg = Debug|Any CPU
		{3A700806-C0AA-48D6-B433-D98390E356D2}.Debug|x64.Build.0 = Debug|Any CPU
		{3A700806-C0AA-48D6-B433-D98390E356D2}.Debug|x86.ActiveCfg = Debug|Any CPU
		{3A700806-C0AA-48D6-B433-D98390E356D2}.Debug|x86.Build.0 = Debug|Any CPU
		{3A700806-C0AA-48D6-B433-D98390E356D2}.Release|Any CPU.ActiveCfg = Release|Any CPU
		{3A700806-C0AA-48D6-B433-D98390E356D2}.Release|Any CPU.Build.0 = Release|Any CPU
		{3A700806-C0AA-48D6-B433-D98390E356D2}.Release|x64.ActiveCfg = Release|Any CPU
		{3A700806-C0AA-48D6-B433-D98390E356D2}.Release|x64.Build.0 = Release|Any CPU
		{3A700806-C0AA-48D6-B433-D98390E356D2}.Release|x86.ActiveCfg = Release|Any CPU
		{3A700806-C0AA-48D6-B433-D98390E356D2}.Release|x86.Build.0 = Release|Any CPU
		{647C57D5-D1D5-4A92-AE09-F65F18C60D79}.Debug|Any CPU.ActiveCfg = Debug|Any CPU
		{647C57D5-D1D5-4A92-AE09-F65F18C60D79}.Debug|Any CPU.Build.0 = Debug|Any CPU
		{647C57D5-D1D5-4A92-AE09-F65F18C60D79}.Debug|x64.ActiveCfg = Debug|Any CPU
		{647C57D5-D1D5-4A92-AE09-F65F18C60D79}.Debug|x64.Build.0 = Debug|Any CPU
		{647C57D5-D1D5-4A92-AE09-F65F18C60D79}.Debug|x86.ActiveCfg = Debug|Any CPU
		{647C57D5-D1D5-4A92-AE09-F65F18C60D79}.Debug|x86.Build.0 = Debug|Any CPU
		{647C57D5-D1D5-4A92-AE09-F65F18C60D79}.Release|Any CPU.ActiveCfg = Release|Any CPU
		{647C57D5-D1D5-4A92-AE09-F65F18C60D79}.Release|Any CPU.Build.0 = Release|Any CPU
		{647C57D5-D1D5-4A92-AE09-F65F18C60D79}.Release|x64.ActiveCfg = Release|Any CPU
		{647C57D5-D1D5-4A92-AE09-F65F18C60D79}.Release|x64.Build.0 = Release|Any CPU
		{647C57D5-D1D5-4A92-AE09-F65F18C60D79}.Release|x86.ActiveCfg = Release|Any CPU
		{647C57D5-D1D5-4A92-AE09-F65F18C60D79}.Release|x86.Build.0 = Release|Any CPU
		{4990F6CB-4072-44E8-950B-8DAE46178D96}.Debug|Any CPU.ActiveCfg = Debug|Any CPU
		{4990F6CB-4072-44E8-950B-8DAE46178D96}.Debug|Any CPU.Build.0 = Debug|Any CPU
		{4990F6CB-4072-44E8-950B-8DAE46178D96}.Debug|x64.ActiveCfg = Debug|Any CPU
		{4990F6CB-4072-44E8-950B-8DAE46178D96}.Debug|x64.Build.0 = Debug|Any CPU
		{4990F6CB-4072-44E8-950B-8DAE46178D96}.Debug|x86.ActiveCfg = Debug|Any CPU
		{4990F6CB-4072-44E8-950B-8DAE46178D96}.Debug|x86.Build.0 = Debug|Any CPU
		{4990F6CB-4072-44E8-950B-8DAE46178D96}.Release|Any CPU.ActiveCfg = Release|Any CPU
		{4990F6CB-4072-44E8-950B-8DAE46178D96}.Release|Any CPU.Build.0 = Release|Any CPU
		{4990F6CB-4072-44E8-950B-8DAE46178D96}.Release|x64.ActiveCfg = Release|Any CPU
		{4990F6CB-4072-44E8-950B-8DAE46178D96}.Release|x64.Build.0 = Release|Any CPU
		{4990F6CB-4072-44E8-950B-8DAE46178D96}.Release|x86.ActiveCfg = Release|Any CPU
		{4990F6CB-4072-44E8-950B-8DAE46178D96}.Release|x86.Build.0 = Release|Any CPU
	EndGlobalSection
	GlobalSection(SolutionProperties) = preSolution
		HideSolutionNode = FALSE
	EndGlobalSection
	GlobalSection(ExtensibilityGlobals) = postSolution
		SolutionGuid = {88A1CFC3-357D-4870-965C-440840A77B90}
	EndGlobalSection
EndGlobal
