
Microsoft Visual Studio Solution File, Format Version 12.00
# Visual Studio Version 16
VisualStudioVersion = 16.0.30413.136
MinimumVisualStudioVersion = 10.0.40219.1
Project("{FAE04EC0-301F-11D3-BF4B-00C04F79EFBC}") = "Dirigent.Common", "Dirigent.Common\Dirigent.Common.csproj", "{12E74B96-B1C0-4F2A-9C2B-BDA63045201E}"
EndProject
Project("{FAE04EC0-301F-11D3-BF4B-00C04F79EFBC}") = "Dirigent.Agent.Core", "Dirigent.Agent.Core\Dirigent.Agent.Core.csproj", "{FAB65232-663A-48D9-B0A0-8DF9F82FB53D}"
EndProject
Project("{FAE04EC0-301F-11D3-BF4B-00C04F79EFBC}") = "Dirigent.Master", "Dirigent.Master\Dirigent.Master.csproj", "{A7980E0D-F343-4DAF-91FD-1328558FDCD2}"
EndProject
Project("{FAE04EC0-301F-11D3-BF4B-00C04F79EFBC}") = "Dirigent.Agent.TrayApp", "Dirigent.Agent.TrayApp\Dirigent.Agent.TrayApp.csproj", "{802B60E8-B812-4B9B-8CA4-FC0CA4794945}"
EndProject
Project("{FAE04EC0-301F-11D3-BF4B-00C04F79EFBC}") = "Dirigent.Agent.Gui", "Dirigent.Agent.Gui\Dirigent.Agent.Gui.csproj", "{CDC2F0B7-21F2-4843-9C6F-3D1C7B547D89}"
EndProject
Project("{2150E333-8FDC-42A3-9474-1A3956D46DE8}") = "Solution Items", "Solution Items", "{2918D3DC-3B3F-4258-9EBD-F38D1CF67704}"
	ProjectSection(SolutionItems) = preProject
		Dirigent.vsmdi = Dirigent.vsmdi
		Local.testsettings = Local.testsettings
		TraceAndTestImpact.testsettings = TraceAndTestImpact.testsettings
	EndProjectSection
EndProject
Project("{FAE04EC0-301F-11D3-BF4B-00C04F79EFBC}") = "Dirigent.CLI", "Dirigent.CLI\Dirigent.CLI.csproj", "{8B33D98C-DCB9-47B3-9E8B-2857FFC81308}"
EndProject
Project("{FAE04EC0-301F-11D3-BF4B-00C04F79EFBC}") = "Dirigent.CLI.Telnet", "Dirigent.CLI.Telnet\Dirigent.CLI.Telnet.csproj", "{D726C6FB-0A34-47C0-9E7E-84F6BF27A653}"
	ProjectSection(ProjectDependencies) = postProject
		{802B60E8-B812-4B9B-8CA4-FC0CA4794945} = {802B60E8-B812-4B9B-8CA4-FC0CA4794945}
	EndProjectSection
EndProject
Project("{FAE04EC0-301F-11D3-BF4B-00C04F79EFBC}") = "Dirigent.Reinstaller", "Dirigent.Reinstaller\Dirigent.Reinstaller.csproj", "{934EB60B-1901-476C-B672-8178F728DBEC}"
EndProject
Global
	GlobalSection(SolutionConfigurationPlatforms) = preSolution
		Debug|Any CPU = Debug|Any CPU
		Debug|Mixed Platforms = Debug|Mixed Platforms
		Debug|Win32 = Debug|Win32
		Debug|x64 = Debug|x64
		Debug|x86 = Debug|x86
		Release|Any CPU = Release|Any CPU
		Release|Mixed Platforms = Release|Mixed Platforms
		Release|Win32 = Release|Win32
		Release|x64 = Release|x64
		Release|x86 = Release|x86
	EndGlobalSection
	GlobalSection(ProjectConfigurationPlatforms) = postSolution
		{12E74B96-B1C0-4F2A-9C2B-BDA63045201E}.Debug|Any CPU.ActiveCfg = Debug|Any CPU
		{12E74B96-B1C0-4F2A-9C2B-BDA63045201E}.Debug|Any CPU.Build.0 = Debug|Any CPU
		{12E74B96-B1C0-4F2A-9C2B-BDA63045201E}.Debug|Mixed Platforms.ActiveCfg = Debug|Any CPU
		{12E74B96-B1C0-4F2A-9C2B-BDA63045201E}.Debug|Mixed Platforms.Build.0 = Debug|Any CPU
		{12E74B96-B1C0-4F2A-9C2B-BDA63045201E}.Debug|Win32.ActiveCfg = Debug|x86
		{12E74B96-B1C0-4F2A-9C2B-BDA63045201E}.Debug|x64.ActiveCfg = Debug|x64
		{12E74B96-B1C0-4F2A-9C2B-BDA63045201E}.Debug|x64.Build.0 = Debug|x64
		{12E74B96-B1C0-4F2A-9C2B-BDA63045201E}.Debug|x86.ActiveCfg = Debug|Any CPU
		{12E74B96-B1C0-4F2A-9C2B-BDA63045201E}.Debug|x86.Build.0 = Debug|Any CPU
		{12E74B96-B1C0-4F2A-9C2B-BDA63045201E}.Release|Any CPU.ActiveCfg = Release|Any CPU
		{12E74B96-B1C0-4F2A-9C2B-BDA63045201E}.Release|Any CPU.Build.0 = Release|Any CPU
		{12E74B96-B1C0-4F2A-9C2B-BDA63045201E}.Release|Mixed Platforms.ActiveCfg = Release|Any CPU
		{12E74B96-B1C0-4F2A-9C2B-BDA63045201E}.Release|Mixed Platforms.Build.0 = Release|Any CPU
		{12E74B96-B1C0-4F2A-9C2B-BDA63045201E}.Release|Win32.ActiveCfg = Release|x86
		{12E74B96-B1C0-4F2A-9C2B-BDA63045201E}.Release|x64.ActiveCfg = Release|x64
		{12E74B96-B1C0-4F2A-9C2B-BDA63045201E}.Release|x64.Build.0 = Release|x64
		{12E74B96-B1C0-4F2A-9C2B-BDA63045201E}.Release|x86.ActiveCfg = Release|Any CPU
		{FAB65232-663A-48D9-B0A0-8DF9F82FB53D}.Debug|Any CPU.ActiveCfg = Debug|Any CPU
		{FAB65232-663A-48D9-B0A0-8DF9F82FB53D}.Debug|Any CPU.Build.0 = Debug|Any CPU
		{FAB65232-663A-48D9-B0A0-8DF9F82FB53D}.Debug|Mixed Platforms.ActiveCfg = Debug|Any CPU
		{FAB65232-663A-48D9-B0A0-8DF9F82FB53D}.Debug|Mixed Platforms.Build.0 = Debug|Any CPU
		{FAB65232-663A-48D9-B0A0-8DF9F82FB53D}.Debug|Win32.ActiveCfg = Debug|x86
		{FAB65232-663A-48D9-B0A0-8DF9F82FB53D}.Debug|x64.ActiveCfg = Debug|x64
		{FAB65232-663A-48D9-B0A0-8DF9F82FB53D}.Debug|x64.Build.0 = Debug|x64
		{FAB65232-663A-48D9-B0A0-8DF9F82FB53D}.Debug|x86.ActiveCfg = Debug|Any CPU
		{FAB65232-663A-48D9-B0A0-8DF9F82FB53D}.Debug|x86.Build.0 = Debug|Any CPU
		{FAB65232-663A-48D9-B0A0-8DF9F82FB53D}.Release|Any CPU.ActiveCfg = Release|Any CPU
		{FAB65232-663A-48D9-B0A0-8DF9F82FB53D}.Release|Any CPU.Build.0 = Release|Any CPU
		{FAB65232-663A-48D9-B0A0-8DF9F82FB53D}.Release|Mixed Platforms.ActiveCfg = Release|Any CPU
		{FAB65232-663A-48D9-B0A0-8DF9F82FB53D}.Release|Mixed Platforms.Build.0 = Release|Any CPU
		{FAB65232-663A-48D9-B0A0-8DF9F82FB53D}.Release|Win32.ActiveCfg = Release|x86
		{FAB65232-663A-48D9-B0A0-8DF9F82FB53D}.Release|x64.ActiveCfg = Release|x64
		{FAB65232-663A-48D9-B0A0-8DF9F82FB53D}.Release|x64.Build.0 = Release|x64
		{FAB65232-663A-48D9-B0A0-8DF9F82FB53D}.Release|x86.ActiveCfg = Release|Any CPU
		{A7980E0D-F343-4DAF-91FD-1328558FDCD2}.Debug|Any CPU.ActiveCfg = Debug|Any CPU
		{A7980E0D-F343-4DAF-91FD-1328558FDCD2}.Debug|Any CPU.Build.0 = Debug|Any CPU
		{A7980E0D-F343-4DAF-91FD-1328558FDCD2}.Debug|Mixed Platforms.ActiveCfg = Debug|x86
		{A7980E0D-F343-4DAF-91FD-1328558FDCD2}.Debug|Mixed Platforms.Build.0 = Debug|x86
		{A7980E0D-F343-4DAF-91FD-1328558FDCD2}.Debug|Win32.ActiveCfg = Debug|Any CPU
		{A7980E0D-F343-4DAF-91FD-1328558FDCD2}.Debug|x64.ActiveCfg = Debug|x64
		{A7980E0D-F343-4DAF-91FD-1328558FDCD2}.Debug|x64.Build.0 = Debug|x64
		{A7980E0D-F343-4DAF-91FD-1328558FDCD2}.Debug|x86.ActiveCfg = Debug|Any CPU
		{A7980E0D-F343-4DAF-91FD-1328558FDCD2}.Debug|x86.Build.0 = Debug|Any CPU
		{A7980E0D-F343-4DAF-91FD-1328558FDCD2}.Release|Any CPU.ActiveCfg = Release|x86
		{A7980E0D-F343-4DAF-91FD-1328558FDCD2}.Release|Any CPU.Build.0 = Release|x86
		{A7980E0D-F343-4DAF-91FD-1328558FDCD2}.Release|Mixed Platforms.ActiveCfg = Release|x86
		{A7980E0D-F343-4DAF-91FD-1328558FDCD2}.Release|Mixed Platforms.Build.0 = Release|x86
		{A7980E0D-F343-4DAF-91FD-1328558FDCD2}.Release|Win32.ActiveCfg = Release|Any CPU
		{A7980E0D-F343-4DAF-91FD-1328558FDCD2}.Release|x64.ActiveCfg = Release|x64
		{A7980E0D-F343-4DAF-91FD-1328558FDCD2}.Release|x64.Build.0 = Release|x64
		{A7980E0D-F343-4DAF-91FD-1328558FDCD2}.Release|x86.ActiveCfg = Release|x86
		{A7980E0D-F343-4DAF-91FD-1328558FDCD2}.Release|x86.Build.0 = Release|x86
		{802B60E8-B812-4B9B-8CA4-FC0CA4794945}.Debug|Any CPU.ActiveCfg = Debug|Any CPU
		{802B60E8-B812-4B9B-8CA4-FC0CA4794945}.Debug|Any CPU.Build.0 = Debug|Any CPU
		{802B60E8-B812-4B9B-8CA4-FC0CA4794945}.Debug|Mixed Platforms.ActiveCfg = Debug|x86
		{802B60E8-B812-4B9B-8CA4-FC0CA4794945}.Debug|Mixed Platforms.Build.0 = Debug|x86
		{802B60E8-B812-4B9B-8CA4-FC0CA4794945}.Debug|Win32.ActiveCfg = Debug|Any CPU
		{802B60E8-B812-4B9B-8CA4-FC0CA4794945}.Debug|x64.ActiveCfg = Debug|x64
		{802B60E8-B812-4B9B-8CA4-FC0CA4794945}.Debug|x64.Build.0 = Debug|x64
		{802B60E8-B812-4B9B-8CA4-FC0CA4794945}.Debug|x86.ActiveCfg = Debug|Any CPU
		{802B60E8-B812-4B9B-8CA4-FC0CA4794945}.Debug|x86.Build.0 = Debug|Any CPU
		{802B60E8-B812-4B9B-8CA4-FC0CA4794945}.Release|Any CPU.ActiveCfg = Release|x86
		{802B60E8-B812-4B9B-8CA4-FC0CA4794945}.Release|Any CPU.Build.0 = Release|x86
		{802B60E8-B812-4B9B-8CA4-FC0CA4794945}.Release|Mixed Platforms.ActiveCfg = Release|x86
		{802B60E8-B812-4B9B-8CA4-FC0CA4794945}.Release|Mixed Platforms.Build.0 = Release|x86
		{802B60E8-B812-4B9B-8CA4-FC0CA4794945}.Release|Win32.ActiveCfg = Release|Any CPU
		{802B60E8-B812-4B9B-8CA4-FC0CA4794945}.Release|x64.ActiveCfg = Release|x64
		{802B60E8-B812-4B9B-8CA4-FC0CA4794945}.Release|x64.Build.0 = Release|x64
		{802B60E8-B812-4B9B-8CA4-FC0CA4794945}.Release|x86.ActiveCfg = Release|x86
		{802B60E8-B812-4B9B-8CA4-FC0CA4794945}.Release|x86.Build.0 = Release|x86
		{CDC2F0B7-21F2-4843-9C6F-3D1C7B547D89}.Debug|Any CPU.ActiveCfg = Debug|Any CPU
		{CDC2F0B7-21F2-4843-9C6F-3D1C7B547D89}.Debug|Any CPU.Build.0 = Debug|Any CPU
		{CDC2F0B7-21F2-4843-9C6F-3D1C7B547D89}.Debug|Mixed Platforms.ActiveCfg = Debug|Any CPU
		{CDC2F0B7-21F2-4843-9C6F-3D1C7B547D89}.Debug|Mixed Platforms.Build.0 = Debug|Any CPU
		{CDC2F0B7-21F2-4843-9C6F-3D1C7B547D89}.Debug|Win32.ActiveCfg = Debug|x86
		{CDC2F0B7-21F2-4843-9C6F-3D1C7B547D89}.Debug|x64.ActiveCfg = Debug|x64
		{CDC2F0B7-21F2-4843-9C6F-3D1C7B547D89}.Debug|x64.Build.0 = Debug|x64
		{CDC2F0B7-21F2-4843-9C6F-3D1C7B547D89}.Debug|x86.ActiveCfg = Debug|Any CPU
		{CDC2F0B7-21F2-4843-9C6F-3D1C7B547D89}.Debug|x86.Build.0 = Debug|Any CPU
		{CDC2F0B7-21F2-4843-9C6F-3D1C7B547D89}.Release|Any CPU.ActiveCfg = Release|Any CPU
		{CDC2F0B7-21F2-4843-9C6F-3D1C7B547D89}.Release|Any CPU.Build.0 = Release|Any CPU
		{CDC2F0B7-21F2-4843-9C6F-3D1C7B547D89}.Release|Mixed Platforms.ActiveCfg = Release|Any CPU
		{CDC2F0B7-21F2-4843-9C6F-3D1C7B547D89}.Release|Mixed Platforms.Build.0 = Release|Any CPU
		{CDC2F0B7-21F2-4843-9C6F-3D1C7B547D89}.Release|Win32.ActiveCfg = Release|x86
		{CDC2F0B7-21F2-4843-9C6F-3D1C7B547D89}.Release|x64.ActiveCfg = Release|x64
		{CDC2F0B7-21F2-4843-9C6F-3D1C7B547D89}.Release|x64.Build.0 = Release|x64
		{CDC2F0B7-21F2-4843-9C6F-3D1C7B547D89}.Release|x86.ActiveCfg = Release|Any CPU
		{8B33D98C-DCB9-47B3-9E8B-2857FFC81308}.Debug|Any CPU.ActiveCfg = Debug|Any CPU
		{8B33D98C-DCB9-47B3-9E8B-2857FFC81308}.Debug|Any CPU.Build.0 = Debug|Any CPU
		{8B33D98C-DCB9-47B3-9E8B-2857FFC81308}.Debug|Mixed Platforms.ActiveCfg = Debug|x86
		{8B33D98C-DCB9-47B3-9E8B-2857FFC81308}.Debug|Mixed Platforms.Build.0 = Debug|x86
		{8B33D98C-DCB9-47B3-9E8B-2857FFC81308}.Debug|Win32.ActiveCfg = Debug|x86
		{8B33D98C-DCB9-47B3-9E8B-2857FFC81308}.Debug|Win32.Build.0 = Debug|x86
		{8B33D98C-DCB9-47B3-9E8B-2857FFC81308}.Debug|x64.ActiveCfg = Debug|x64
		{8B33D98C-DCB9-47B3-9E8B-2857FFC81308}.Debug|x64.Build.0 = Debug|x64
		{8B33D98C-DCB9-47B3-9E8B-2857FFC81308}.Debug|x86.ActiveCfg = Debug|x86
		{8B33D98C-DCB9-47B3-9E8B-2857FFC81308}.Debug|x86.Build.0 = Debug|x86
		{8B33D98C-DCB9-47B3-9E8B-2857FFC81308}.Release|Any CPU.ActiveCfg = Release|Any CPU
		{8B33D98C-DCB9-47B3-9E8B-2857FFC81308}.Release|Any CPU.Build.0 = Release|Any CPU
		{8B33D98C-DCB9-47B3-9E8B-2857FFC81308}.Release|Mixed Platforms.ActiveCfg = Release|x86
		{8B33D98C-DCB9-47B3-9E8B-2857FFC81308}.Release|Mixed Platforms.Build.0 = Release|x86
		{8B33D98C-DCB9-47B3-9E8B-2857FFC81308}.Release|Win32.ActiveCfg = Release|x86
		{8B33D98C-DCB9-47B3-9E8B-2857FFC81308}.Release|Win32.Build.0 = Release|x86
		{8B33D98C-DCB9-47B3-9E8B-2857FFC81308}.Release|x64.ActiveCfg = Release|x64
		{8B33D98C-DCB9-47B3-9E8B-2857FFC81308}.Release|x64.Build.0 = Release|x64
		{8B33D98C-DCB9-47B3-9E8B-2857FFC81308}.Release|x86.ActiveCfg = Release|x86
		{8B33D98C-DCB9-47B3-9E8B-2857FFC81308}.Release|x86.Build.0 = Release|x86
		{D726C6FB-0A34-47C0-9E7E-84F6BF27A653}.Debug|Any CPU.ActiveCfg = Debug|Any CPU
		{D726C6FB-0A34-47C0-9E7E-84F6BF27A653}.Debug|Any CPU.Build.0 = Debug|Any CPU
		{D726C6FB-0A34-47C0-9E7E-84F6BF27A653}.Debug|Mixed Platforms.ActiveCfg = Debug|x86
		{D726C6FB-0A34-47C0-9E7E-84F6BF27A653}.Debug|Mixed Platforms.Build.0 = Debug|x86
		{D726C6FB-0A34-47C0-9E7E-84F6BF27A653}.Debug|Win32.ActiveCfg = Debug|x86
		{D726C6FB-0A34-47C0-9E7E-84F6BF27A653}.Debug|Win32.Build.0 = Debug|x86
		{D726C6FB-0A34-47C0-9E7E-84F6BF27A653}.Debug|x64.ActiveCfg = Debug|x64
		{D726C6FB-0A34-47C0-9E7E-84F6BF27A653}.Debug|x64.Build.0 = Debug|x64
		{D726C6FB-0A34-47C0-9E7E-84F6BF27A653}.Debug|x86.ActiveCfg = Debug|x86
		{D726C6FB-0A34-47C0-9E7E-84F6BF27A653}.Debug|x86.Build.0 = Debug|x86
		{D726C6FB-0A34-47C0-9E7E-84F6BF27A653}.Release|Any CPU.ActiveCfg = Release|Any CPU
		{D726C6FB-0A34-47C0-9E7E-84F6BF27A653}.Release|Any CPU.Build.0 = Release|Any CPU
		{D726C6FB-0A34-47C0-9E7E-84F6BF27A653}.Release|Mixed Platforms.ActiveCfg = Release|x86
		{D726C6FB-0A34-47C0-9E7E-84F6BF27A653}.Release|Mixed Platforms.Build.0 = Release|x86
		{D726C6FB-0A34-47C0-9E7E-84F6BF27A653}.Release|Win32.ActiveCfg = Release|x86
		{D726C6FB-0A34-47C0-9E7E-84F6BF27A653}.Release|Win32.Build.0 = Release|x86
		{D726C6FB-0A34-47C0-9E7E-84F6BF27A653}.Release|x64.ActiveCfg = Release|x64
		{D726C6FB-0A34-47C0-9E7E-84F6BF27A653}.Release|x64.Build.0 = Release|x64
		{D726C6FB-0A34-47C0-9E7E-84F6BF27A653}.Release|x86.ActiveCfg = Release|x86
		{D726C6FB-0A34-47C0-9E7E-84F6BF27A653}.Release|x86.Build.0 = Release|x86
		{934EB60B-1901-476C-B672-8178F728DBEC}.Debug|Any CPU.ActiveCfg = Debug|Any CPU
		{934EB60B-1901-476C-B672-8178F728DBEC}.Debug|Any CPU.Build.0 = Debug|Any CPU
		{934EB60B-1901-476C-B672-8178F728DBEC}.Debug|Mixed Platforms.ActiveCfg = Debug|Any CPU
		{934EB60B-1901-476C-B672-8178F728DBEC}.Debug|Mixed Platforms.Build.0 = Debug|Any CPU
		{934EB60B-1901-476C-B672-8178F728DBEC}.Debug|Win32.ActiveCfg = Debug|Any CPU
		{934EB60B-1901-476C-B672-8178F728DBEC}.Debug|Win32.Build.0 = Debug|Any CPU
		{934EB60B-1901-476C-B672-8178F728DBEC}.Debug|x64.ActiveCfg = Debug|Any CPU
		{934EB60B-1901-476C-B672-8178F728DBEC}.Debug|x64.Build.0 = Debug|Any CPU
		{934EB60B-1901-476C-B672-8178F728DBEC}.Debug|x86.ActiveCfg = Debug|Any CPU
		{934EB60B-1901-476C-B672-8178F728DBEC}.Debug|x86.Build.0 = Debug|Any CPU
		{934EB60B-1901-476C-B672-8178F728DBEC}.Release|Any CPU.ActiveCfg = Release|Any CPU
		{934EB60B-1901-476C-B672-8178F728DBEC}.Release|Any CPU.Build.0 = Release|Any CPU
		{934EB60B-1901-476C-B672-8178F728DBEC}.Release|Mixed Platforms.ActiveCfg = Release|Any CPU
		{934EB60B-1901-476C-B672-8178F728DBEC}.Release|Mixed Platforms.Build.0 = Release|Any CPU
		{934EB60B-1901-476C-B672-8178F728DBEC}.Release|Win32.ActiveCfg = Release|Any CPU
		{934EB60B-1901-476C-B672-8178F728DBEC}.Release|Win32.Build.0 = Release|Any CPU
		{934EB60B-1901-476C-B672-8178F728DBEC}.Release|x64.ActiveCfg = Release|Any CPU
		{934EB60B-1901-476C-B672-8178F728DBEC}.Release|x64.Build.0 = Release|Any CPU
		{934EB60B-1901-476C-B672-8178F728DBEC}.Release|x86.ActiveCfg = Release|Any CPU
		{934EB60B-1901-476C-B672-8178F728DBEC}.Release|x86.Build.0 = Release|Any CPU
	EndGlobalSection
	GlobalSection(SolutionProperties) = preSolution
		HideSolutionNode = FALSE
	EndGlobalSection
	GlobalSection(ExtensibilityGlobals) = postSolution
		SolutionGuid = {1F58C7E7-B144-47B9-9BD6-B3FA62B81B9C}
	EndGlobalSection
	GlobalSection(TestCaseManagementSettings) = postSolution
		CategoryFile = Dirigent.vsmdi
	EndGlobalSection
EndGlobal
