
Microsoft Visual Studio Solution File, Format Version 11.00
# Visual Studio 2010
Project("{FAE04EC0-301F-11D3-BF4B-00C04F79EFBC}") = "Dirigent.Common", "Dirigent.Common\Dirigent.Common.csproj", "{12E74B96-B1C0-4F2A-9C2B-BDA63045201E}"
EndProject
Project("{FAE04EC0-301F-11D3-BF4B-00C04F79EFBC}") = "Dirigent.Common.Tests", "Dirigent.Common.Tests\Dirigent.Common.Tests.csproj", "{62AFA897-D2ED-4F2A-BB84-5D609D245D61}"
EndProject
Project("{FAE04EC0-301F-11D3-BF4B-00C04F79EFBC}") = "Dirigent.Agent.Core", "Dirigent.Agent.Core\Dirigent.Agent.Core.csproj", "{FAB65232-663A-48D9-B0A0-8DF9F82FB53D}"
EndProject
Project("{FAE04EC0-301F-11D3-BF4B-00C04F79EFBC}") = "Dirigent.Agent.Tests", "Dirigent.Agent.Tests\Dirigent.Agent.Tests.csproj", "{9A05A0E9-D31A-4237-BD8D-03596EF64DF8}"
EndProject
Project("{FAE04EC0-301F-11D3-BF4B-00C04F79EFBC}") = "Dirigent.Master", "Dirigent.Master\Dirigent.Master.csproj", "{A7980E0D-F343-4DAF-91FD-1328558FDCD2}"
EndProject
Project("{FAE04EC0-301F-11D3-BF4B-00C04F79EFBC}") = "Dirigent.Agent.TrayApp", "Dirigent.Agent.TrayApp\Dirigent.Agent.TrayApp.csproj", "{802B60E8-B812-4B9B-8CA4-FC0CA4794945}"
EndProject
Project("{FAE04EC0-301F-11D3-BF4B-00C04F79EFBC}") = "Dirigent.Agent.Gui", "Dirigent.Agent.Gui\Dirigent.Agent.Gui.csproj", "{CDC2F0B7-21F2-4843-9C6F-3D1C7B547D89}"
EndProject
Project("{FAE04EC0-301F-11D3-BF4B-00C04F79EFBC}") = "Dirigent.Agent.CmdLineCtrl", "Dirigent.Agent.CmdLineCtrl\Dirigent.Agent.CmdLineCtrl.csproj", "{C5F6E603-CC97-407B-8EDE-6113E4B01A09}"
EndProject
Project("{FAE04EC0-301F-11D3-BF4B-00C04F79EFBC}") = "Dirigent.Agent.CmdLineCtrl.Tests", "Dirigent.Agent.CmdLineCtrl.Tests\Dirigent.Agent.CmdLineCtrl.Tests.csproj", "{48B8DD87-C699-4BFD-B1F0-CBEAF9B4C3A4}"
EndProject
Global
	GlobalSection(SolutionConfigurationPlatforms) = preSolution
		Debug|Any CPU = Debug|Any CPU
		Debug|Mixed Platforms = Debug|Mixed Platforms
		Debug|x86 = Debug|x86
		Release|Any CPU = Release|Any CPU
		Release|Mixed Platforms = Release|Mixed Platforms
		Release|x86 = Release|x86
	EndGlobalSection
	GlobalSection(ProjectConfigurationPlatforms) = postSolution
		{12E74B96-B1C0-4F2A-9C2B-BDA63045201E}.Debug|Any CPU.ActiveCfg = Debug|Any CPU
		{12E74B96-B1C0-4F2A-9C2B-BDA63045201E}.Debug|Any CPU.Build.0 = Debug|Any CPU
		{12E74B96-B1C0-4F2A-9C2B-BDA63045201E}.Debug|Mixed Platforms.ActiveCfg = Debug|Any CPU
		{12E74B96-B1C0-4F2A-9C2B-BDA63045201E}.Debug|Mixed Platforms.Build.0 = Debug|Any CPU
		{12E74B96-B1C0-4F2A-9C2B-BDA63045201E}.Debug|x86.ActiveCfg = Debug|Any CPU
		{12E74B96-B1C0-4F2A-9C2B-BDA63045201E}.Release|Any CPU.ActiveCfg = Release|Any CPU
		{12E74B96-B1C0-4F2A-9C2B-BDA63045201E}.Release|Any CPU.Build.0 = Release|Any CPU
		{12E74B96-B1C0-4F2A-9C2B-BDA63045201E}.Release|Mixed Platforms.ActiveCfg = Release|Any CPU
		{12E74B96-B1C0-4F2A-9C2B-BDA63045201E}.Release|Mixed Platforms.Build.0 = Release|Any CPU
		{12E74B96-B1C0-4F2A-9C2B-BDA63045201E}.Release|x86.ActiveCfg = Release|Any CPU
		{62AFA897-D2ED-4F2A-BB84-5D609D245D61}.Debug|Any CPU.ActiveCfg = Debug|Any CPU
		{62AFA897-D2ED-4F2A-BB84-5D609D245D61}.Debug|Any CPU.Build.0 = Debug|Any CPU
		{62AFA897-D2ED-4F2A-BB84-5D609D245D61}.Debug|Mixed Platforms.ActiveCfg = Debug|Any CPU
		{62AFA897-D2ED-4F2A-BB84-5D609D245D61}.Debug|Mixed Platforms.Build.0 = Debug|Any CPU
		{62AFA897-D2ED-4F2A-BB84-5D609D245D61}.Debug|x86.ActiveCfg = Debug|Any CPU
		{62AFA897-D2ED-4F2A-BB84-5D609D245D61}.Release|Any CPU.ActiveCfg = Release|Any CPU
		{62AFA897-D2ED-4F2A-BB84-5D609D245D61}.Release|Any CPU.Build.0 = Release|Any CPU
		{62AFA897-D2ED-4F2A-BB84-5D609D245D61}.Release|Mixed Platforms.ActiveCfg = Release|Any CPU
		{62AFA897-D2ED-4F2A-BB84-5D609D245D61}.Release|Mixed Platforms.Build.0 = Release|Any CPU
		{62AFA897-D2ED-4F2A-BB84-5D609D245D61}.Release|x86.ActiveCfg = Release|Any CPU
		{FAB65232-663A-48D9-B0A0-8DF9F82FB53D}.Debug|Any CPU.ActiveCfg = Debug|Any CPU
		{FAB65232-663A-48D9-B0A0-8DF9F82FB53D}.Debug|Any CPU.Build.0 = Debug|Any CPU
		{FAB65232-663A-48D9-B0A0-8DF9F82FB53D}.Debug|Mixed Platforms.ActiveCfg = Debug|Any CPU
		{FAB65232-663A-48D9-B0A0-8DF9F82FB53D}.Debug|Mixed Platforms.Build.0 = Debug|Any CPU
		{FAB65232-663A-48D9-B0A0-8DF9F82FB53D}.Debug|x86.ActiveCfg = Debug|Any CPU
		{FAB65232-663A-48D9-B0A0-8DF9F82FB53D}.Release|Any CPU.ActiveCfg = Release|Any CPU
		{FAB65232-663A-48D9-B0A0-8DF9F82FB53D}.Release|Any CPU.Build.0 = Release|Any CPU
		{FAB65232-663A-48D9-B0A0-8DF9F82FB53D}.Release|Mixed Platforms.ActiveCfg = Release|Any CPU
		{FAB65232-663A-48D9-B0A0-8DF9F82FB53D}.Release|Mixed Platforms.Build.0 = Release|Any CPU
		{FAB65232-663A-48D9-B0A0-8DF9F82FB53D}.Release|x86.ActiveCfg = Release|Any CPU
		{9A05A0E9-D31A-4237-BD8D-03596EF64DF8}.Debug|Any CPU.ActiveCfg = Debug|Any CPU
		{9A05A0E9-D31A-4237-BD8D-03596EF64DF8}.Debug|Any CPU.Build.0 = Debug|Any CPU
		{9A05A0E9-D31A-4237-BD8D-03596EF64DF8}.Debug|Mixed Platforms.ActiveCfg = Debug|Any CPU
		{9A05A0E9-D31A-4237-BD8D-03596EF64DF8}.Debug|Mixed Platforms.Build.0 = Debug|Any CPU
		{9A05A0E9-D31A-4237-BD8D-03596EF64DF8}.Debug|x86.ActiveCfg = Debug|Any CPU
		{9A05A0E9-D31A-4237-BD8D-03596EF64DF8}.Release|Any CPU.ActiveCfg = Release|Any CPU
		{9A05A0E9-D31A-4237-BD8D-03596EF64DF8}.Release|Any CPU.Build.0 = Release|Any CPU
		{9A05A0E9-D31A-4237-BD8D-03596EF64DF8}.Release|Mixed Platforms.ActiveCfg = Release|Any CPU
		{9A05A0E9-D31A-4237-BD8D-03596EF64DF8}.Release|Mixed Platforms.Build.0 = Release|Any CPU
		{9A05A0E9-D31A-4237-BD8D-03596EF64DF8}.Release|x86.ActiveCfg = Release|Any CPU
		{A7980E0D-F343-4DAF-91FD-1328558FDCD2}.Debug|Any CPU.ActiveCfg = Debug|x86
		{A7980E0D-F343-4DAF-91FD-1328558FDCD2}.Debug|Mixed Platforms.ActiveCfg = Debug|x86
		{A7980E0D-F343-4DAF-91FD-1328558FDCD2}.Debug|Mixed Platforms.Build.0 = Debug|x86
		{A7980E0D-F343-4DAF-91FD-1328558FDCD2}.Debug|x86.ActiveCfg = Debug|x86
		{A7980E0D-F343-4DAF-91FD-1328558FDCD2}.Debug|x86.Build.0 = Debug|x86
		{A7980E0D-F343-4DAF-91FD-1328558FDCD2}.Release|Any CPU.ActiveCfg = Release|x86
		{A7980E0D-F343-4DAF-91FD-1328558FDCD2}.Release|Mixed Platforms.ActiveCfg = Release|x86
		{A7980E0D-F343-4DAF-91FD-1328558FDCD2}.Release|Mixed Platforms.Build.0 = Release|x86
		{A7980E0D-F343-4DAF-91FD-1328558FDCD2}.Release|x86.ActiveCfg = Release|x86
		{A7980E0D-F343-4DAF-91FD-1328558FDCD2}.Release|x86.Build.0 = Release|x86
		{802B60E8-B812-4B9B-8CA4-FC0CA4794945}.Debug|Any CPU.ActiveCfg = Debug|x86
		{802B60E8-B812-4B9B-8CA4-FC0CA4794945}.Debug|Mixed Platforms.ActiveCfg = Debug|x86
		{802B60E8-B812-4B9B-8CA4-FC0CA4794945}.Debug|Mixed Platforms.Build.0 = Debug|x86
		{802B60E8-B812-4B9B-8CA4-FC0CA4794945}.Debug|x86.ActiveCfg = Debug|x86
		{802B60E8-B812-4B9B-8CA4-FC0CA4794945}.Debug|x86.Build.0 = Debug|x86
		{802B60E8-B812-4B9B-8CA4-FC0CA4794945}.Release|Any CPU.ActiveCfg = Release|x86
		{802B60E8-B812-4B9B-8CA4-FC0CA4794945}.Release|Mixed Platforms.ActiveCfg = Release|x86
		{802B60E8-B812-4B9B-8CA4-FC0CA4794945}.Release|Mixed Platforms.Build.0 = Release|x86
		{802B60E8-B812-4B9B-8CA4-FC0CA4794945}.Release|x86.ActiveCfg = Release|x86
		{802B60E8-B812-4B9B-8CA4-FC0CA4794945}.Release|x86.Build.0 = Release|x86
		{CDC2F0B7-21F2-4843-9C6F-3D1C7B547D89}.Debug|Any CPU.ActiveCfg = Debug|Any CPU
		{CDC2F0B7-21F2-4843-9C6F-3D1C7B547D89}.Debug|Any CPU.Build.0 = Debug|Any CPU
		{CDC2F0B7-21F2-4843-9C6F-3D1C7B547D89}.Debug|Mixed Platforms.ActiveCfg = Debug|Any CPU
		{CDC2F0B7-21F2-4843-9C6F-3D1C7B547D89}.Debug|Mixed Platforms.Build.0 = Debug|Any CPU
		{CDC2F0B7-21F2-4843-9C6F-3D1C7B547D89}.Debug|x86.ActiveCfg = Debug|Any CPU
		{CDC2F0B7-21F2-4843-9C6F-3D1C7B547D89}.Release|Any CPU.ActiveCfg = Release|Any CPU
		{CDC2F0B7-21F2-4843-9C6F-3D1C7B547D89}.Release|Any CPU.Build.0 = Release|Any CPU
		{CDC2F0B7-21F2-4843-9C6F-3D1C7B547D89}.Release|Mixed Platforms.ActiveCfg = Release|Any CPU
		{CDC2F0B7-21F2-4843-9C6F-3D1C7B547D89}.Release|Mixed Platforms.Build.0 = Release|Any CPU
		{CDC2F0B7-21F2-4843-9C6F-3D1C7B547D89}.Release|x86.ActiveCfg = Release|Any CPU
		{C5F6E603-CC97-407B-8EDE-6113E4B01A09}.Debug|Any CPU.ActiveCfg = Debug|x86
		{C5F6E603-CC97-407B-8EDE-6113E4B01A09}.Debug|Mixed Platforms.ActiveCfg = Debug|x86
		{C5F6E603-CC97-407B-8EDE-6113E4B01A09}.Debug|Mixed Platforms.Build.0 = Debug|x86
		{C5F6E603-CC97-407B-8EDE-6113E4B01A09}.Debug|x86.ActiveCfg = Debug|x86
		{C5F6E603-CC97-407B-8EDE-6113E4B01A09}.Debug|x86.Build.0 = Debug|x86
		{C5F6E603-CC97-407B-8EDE-6113E4B01A09}.Release|Any CPU.ActiveCfg = Release|x86
		{C5F6E603-CC97-407B-8EDE-6113E4B01A09}.Release|Mixed Platforms.ActiveCfg = Release|x86
		{C5F6E603-CC97-407B-8EDE-6113E4B01A09}.Release|Mixed Platforms.Build.0 = Release|x86
		{C5F6E603-CC97-407B-8EDE-6113E4B01A09}.Release|x86.ActiveCfg = Release|x86
		{C5F6E603-CC97-407B-8EDE-6113E4B01A09}.Release|x86.Build.0 = Release|x86
		{48B8DD87-C699-4BFD-B1F0-CBEAF9B4C3A4}.Debug|Any CPU.ActiveCfg = Debug|Any CPU
		{48B8DD87-C699-4BFD-B1F0-CBEAF9B4C3A4}.Debug|Any CPU.Build.0 = Debug|Any CPU
		{48B8DD87-C699-4BFD-B1F0-CBEAF9B4C3A4}.Debug|Mixed Platforms.ActiveCfg = Debug|Any CPU
		{48B8DD87-C699-4BFD-B1F0-CBEAF9B4C3A4}.Debug|Mixed Platforms.Build.0 = Debug|Any CPU
		{48B8DD87-C699-4BFD-B1F0-CBEAF9B4C3A4}.Debug|x86.ActiveCfg = Debug|Any CPU
		{48B8DD87-C699-4BFD-B1F0-CBEAF9B4C3A4}.Release|Any CPU.ActiveCfg = Release|Any CPU
		{48B8DD87-C699-4BFD-B1F0-CBEAF9B4C3A4}.Release|Any CPU.Build.0 = Release|Any CPU
		{48B8DD87-C699-4BFD-B1F0-CBEAF9B4C3A4}.Release|Mixed Platforms.ActiveCfg = Release|Any CPU
		{48B8DD87-C699-4BFD-B1F0-CBEAF9B4C3A4}.Release|Mixed Platforms.Build.0 = Release|Any CPU
		{48B8DD87-C699-4BFD-B1F0-CBEAF9B4C3A4}.Release|x86.ActiveCfg = Release|Any CPU
	EndGlobalSection
	GlobalSection(SolutionProperties) = preSolution
		HideSolutionNode = FALSE
	EndGlobalSection
EndGlobal
