
Microsoft Visual Studio Solution File, Format Version 11.00
# Visual Studio 2010
Project("{FAE04EC0-301F-11D3-BF4B-00C04F79EFBC}") = "Dirigent.Common", "Dirigent.Common\Dirigent.Common.csproj", "{12E74B96-B1C0-4F2A-9C2B-BDA63045201E}"
EndProject
Project("{FAE04EC0-301F-11D3-BF4B-00C04F79EFBC}") = "Dirigent.Common.Tests", "Dirigent.Common.Tests\Dirigent.Common.Tests.csproj", "{62AFA897-D2ED-4F2A-BB84-5D609D245D61}"
EndProject
Project("{FAE04EC0-301F-11D3-BF4B-00C04F79EFBC}") = "Dirigent.Agent.Core", "Dirigent.Agent.Core\Dirigent.Agent.Core.csproj", "{FAB65232-663A-48D9-B0A0-8DF9F82FB53D}"
EndProject
Project("{FAE04EC0-301F-11D3-BF4B-00C04F79EFBC}") = "Dirigent.Agent.Tests", "Dirigent.Agent.Tests\Dirigent.Agent.Tests.csproj", "{9A05A0E9-D31A-4237-BD8D-03596EF64DF8}"
EndProject
Global
	GlobalSection(SolutionConfigurationPlatforms) = preSolution
		Debug|Any CPU = Debug|Any CPU
		Release|Any CPU = Release|Any CPU
	EndGlobalSection
	GlobalSection(ProjectConfigurationPlatforms) = postSolution
		{12E74B96-B1C0-4F2A-9C2B-BDA63045201E}.Debug|Any CPU.ActiveCfg = Debug|Any CPU
		{12E74B96-B1C0-4F2A-9C2B-BDA63045201E}.Debug|Any CPU.Build.0 = Debug|Any CPU
		{12E74B96-B1C0-4F2A-9C2B-BDA63045201E}.Release|Any CPU.ActiveCfg = Release|Any CPU
		{12E74B96-B1C0-4F2A-9C2B-BDA63045201E}.Release|Any CPU.Build.0 = Release|Any CPU
		{62AFA897-D2ED-4F2A-BB84-5D609D245D61}.Debug|Any CPU.ActiveCfg = Debug|Any CPU
		{62AFA897-D2ED-4F2A-BB84-5D609D245D61}.Debug|Any CPU.Build.0 = Debug|Any CPU
		{62AFA897-D2ED-4F2A-BB84-5D609D245D61}.Release|Any CPU.ActiveCfg = Release|Any CPU
		{62AFA897-D2ED-4F2A-BB84-5D609D245D61}.Release|Any CPU.Build.0 = Release|Any CPU
		{FAB65232-663A-48D9-B0A0-8DF9F82FB53D}.Debug|Any CPU.ActiveCfg = Debug|Any CPU
		{FAB65232-663A-48D9-B0A0-8DF9F82FB53D}.Debug|Any CPU.Build.0 = Debug|Any CPU
		{FAB65232-663A-48D9-B0A0-8DF9F82FB53D}.Release|Any CPU.ActiveCfg = Release|Any CPU
		{FAB65232-663A-48D9-B0A0-8DF9F82FB53D}.Release|Any CPU.Build.0 = Release|Any CPU
		{9A05A0E9-D31A-4237-BD8D-03596EF64DF8}.Debug|Any CPU.ActiveCfg = Debug|Any CPU
		{9A05A0E9-D31A-4237-BD8D-03596EF64DF8}.Debug|Any CPU.Build.0 = Debug|Any CPU
		{9A05A0E9-D31A-4237-BD8D-03596EF64DF8}.Release|Any CPU.ActiveCfg = Release|Any CPU
		{9A05A0E9-D31A-4237-BD8D-03596EF64DF8}.Release|Any CPU.Build.0 = Release|Any CPU
	EndGlobalSection
	GlobalSection(SolutionProperties) = preSolution
		HideSolutionNode = FALSE
	EndGlobalSection
EndGlobal
